
Microsoft Visual Studio Solution File, Format Version 12.00
# Visual Studio Version 17
VisualStudioVersion = 17.7.34024.191
MinimumVisualStudioVersion = 10.0.40219.1
Project("{FAE04EC0-301F-11D3-BF4B-00C04F79EFBC}") = "CSharp_5.6.7.8.9.10", "CSharp_5.6.7.8.9.10\CSharp_5.6.7.8.9.10.csproj", "{5B9113EF-64EB-48E7-9A37-48CAE1C687A2}"
EndProject
Global
	GlobalSection(SolutionConfigurationPlatforms) = preSolution
		Debug|Any CPU = Debug|Any CPU
		Release|Any CPU = Release|Any CPU
	EndGlobalSection
	GlobalSection(ProjectConfigurationPlatforms) = postSolution
		{5B9113EF-64EB-48E7-9A37-48CAE1C687A2}.Debug|Any CPU.ActiveCfg = Debug|Any CPU
		{5B9113EF-64EB-48E7-9A37-48CAE1C687A2}.Debug|Any CPU.Build.0 = Debug|Any CPU
		{5B9113EF-64EB-48E7-9A37-48CAE1C687A2}.Release|Any CPU.ActiveCfg = Release|Any CPU
		{5B9113EF-64EB-48E7-9A37-48CAE1C687A2}.Release|Any CPU.Build.0 = Release|Any CPU
	EndGlobalSection
	GlobalSection(SolutionProperties) = preSolution
		HideSolutionNode = FALSE
	EndGlobalSection
	GlobalSection(ExtensibilityGlobals) = postSolution
		SolutionGuid = {F0ECC7BD-2213-4B78-9583-E9A13C08FDC7}
	EndGlobalSection
EndGlobal
