
Microsoft Visual Studio Solution File, Format Version 12.00
# Visual Studio Version 17
VisualStudioVersion = 17.7.34024.191
MinimumVisualStudioVersion = 10.0.40219.1
Project("{FAE04EC0-301F-11D3-BF4B-00C04F79EFBC}") = "ZhaoXi.Advanced16.Study", "ZhaoXi.Advanced16.Study\ZhaoXi.Advanced16.Study.csproj", "{6C425EDD-9303-41CC-B588-7BBA67E442CC}"
EndProject
Global
	GlobalSection(SolutionConfigurationPlatforms) = preSolution
		Debug|Any CPU = Debug|Any CPU
		Release|Any CPU = Release|Any CPU
	EndGlobalSection
	GlobalSection(ProjectConfigurationPlatforms) = postSolution
		{6C425EDD-9303-41CC-B588-7BBA67E442CC}.Debug|Any CPU.ActiveCfg = Debug|Any CPU
		{6C425EDD-9303-41CC-B588-7BBA67E442CC}.Debug|Any CPU.Build.0 = Debug|Any CPU
		{6C425EDD-9303-41CC-B588-7BBA67E442CC}.Release|Any CPU.ActiveCfg = Release|Any CPU
		{6C425EDD-9303-41CC-B588-7BBA67E442CC}.Release|Any CPU.Build.0 = Release|Any CPU
	EndGlobalSection
	GlobalSection(SolutionProperties) = preSolution
		HideSolutionNode = FALSE
	EndGlobalSection
	GlobalSection(ExtensibilityGlobals) = postSolution
		SolutionGuid = {E87DA0D2-551A-4F97-B0CE-66C4D93C278A}
	EndGlobalSection
EndGlobal
