
Microsoft Visual Studio Solution File, Format Version 12.00
# Visual Studio Version 17
VisualStudioVersion = 17.7.34031.279
MinimumVisualStudioVersion = 10.0.40219.1
Project("{9A19103F-16F7-4668-BE54-9A1E7A4F7556}") = "MyAttribute", "MyAttribute\MyAttribute.csproj", "{45D844C8-9082-4425-ADF5-4A6396B7FD2B}"
EndProject
Project("{FAE04EC0-301F-11D3-BF4B-00C04F79EFBC}") = "Business.DB.Model", "Business.DB.Model\Business.DB.Model.csproj", "{CA99D6F2-5219-45E2-9693-ADA0B323B4E0}"
EndProject
Project("{9A19103F-16F7-4668-BE54-9A1E7A4F7556}") = "Business.DB.Interface", "Business.DB.Interface\Business.DB.Interface.csproj", "{08F07B17-A1D1-4A69-AD95-10EB692D9614}"
EndProject
Project("{9A19103F-16F7-4668-BE54-9A1E7A4F7556}") = "Business.DB.SqlServer", "Business.DB.SqlServer\Business.DB.SqlServer.csproj", "{873B39DC-26A7-4E8B-926D-107FD40E892F}"
EndProject
Global
	GlobalSection(SolutionConfigurationPlatforms) = preSolution
		Debug|Any CPU = Debug|Any CPU
		Release|Any CPU = Release|Any CPU
	EndGlobalSection
	GlobalSection(ProjectConfigurationPlatforms) = postSolution
		{45D844C8-9082-4425-ADF5-4A6396B7FD2B}.Debug|Any CPU.ActiveCfg = Debug|Any CPU
		{45D844C8-9082-4425-ADF5-4A6396B7FD2B}.Debug|Any CPU.Build.0 = Debug|Any CPU
		{45D844C8-9082-4425-ADF5-4A6396B7FD2B}.Release|Any CPU.ActiveCfg = Release|Any CPU
		{45D844C8-9082-4425-ADF5-4A6396B7FD2B}.Release|Any CPU.Build.0 = Release|Any CPU
		{CA99D6F2-5219-45E2-9693-ADA0B323B4E0}.Debug|Any CPU.ActiveCfg = Debug|Any CPU
		{CA99D6F2-5219-45E2-9693-ADA0B323B4E0}.Debug|Any CPU.Build.0 = Debug|Any CPU
		{CA99D6F2-5219-45E2-9693-ADA0B323B4E0}.Release|Any CPU.ActiveCfg = Release|Any CPU
		{CA99D6F2-5219-45E2-9693-ADA0B323B4E0}.Release|Any CPU.Build.0 = Release|Any CPU
		{08F07B17-A1D1-4A69-AD95-10EB692D9614}.Debug|Any CPU.ActiveCfg = Debug|Any CPU
		{08F07B17-A1D1-4A69-AD95-10EB692D9614}.Debug|Any CPU.Build.0 = Debug|Any CPU
		{08F07B17-A1D1-4A69-AD95-10EB692D9614}.Release|Any CPU.ActiveCfg = Release|Any CPU
		{08F07B17-A1D1-4A69-AD95-10EB692D9614}.Release|Any CPU.Build.0 = Release|Any CPU
		{873B39DC-26A7-4E8B-926D-107FD40E892F}.Debug|Any CPU.ActiveCfg = Debug|Any CPU
		{873B39DC-26A7-4E8B-926D-107FD40E892F}.Debug|Any CPU.Build.0 = Debug|Any CPU
		{873B39DC-26A7-4E8B-926D-107FD40E892F}.Release|Any CPU.ActiveCfg = Release|Any CPU
		{873B39DC-26A7-4E8B-926D-107FD40E892F}.Release|Any CPU.Build.0 = Release|Any CPU
	EndGlobalSection
	GlobalSection(SolutionProperties) = preSolution
		HideSolutionNode = FALSE
	EndGlobalSection
	GlobalSection(ExtensibilityGlobals) = postSolution
		SolutionGuid = {C7C2118E-55E4-48C3-9AC8-BF3E1D8434A4}
	EndGlobalSection
EndGlobal
